
Microsoft Visual Studio Solution File, Format Version 12.00
# Visual Studio 15
VisualStudioVersion = 15.0.26730.12
MinimumVisualStudioVersion = 10.0.40219.1
Project("{FAE04EC0-301F-11D3-BF4B-00C04F79EFBC}") = "TelegraphSimulator", "TelegraphSimulator\TelegraphSimulator.csproj", "{CBB31562-8B4F-4E0E-AF89-14FAF3C44D29}"
EndProject
Global
	GlobalSection(SolutionConfigurationPlatforms) = preSolution
		Debug|Any CPU = Debug|Any CPU
		Release|Any CPU = Release|Any CPU
	EndGlobalSection
	GlobalSection(ProjectConfigurationPlatforms) = postSolution
		{CBB31562-8B4F-4E0E-AF89-14FAF3C44D29}.Debug|Any CPU.ActiveCfg = Debug|Any CPU
		{CBB31562-8B4F-4E0E-AF89-14FAF3C44D29}.Debug|Any CPU.Build.0 = Debug|Any CPU
		{CBB31562-8B4F-4E0E-AF89-14FAF3C44D29}.Release|Any CPU.ActiveCfg = Release|Any CPU
		{CBB31562-8B4F-4E0E-AF89-14FAF3C44D29}.Release|Any CPU.Build.0 = Release|Any CPU
	EndGlobalSection
	GlobalSection(SolutionProperties) = preSolution
		HideSolutionNode = FALSE
	EndGlobalSection
	GlobalSection(ExtensibilityGlobals) = postSolution
		SolutionGuid = {760E0908-544E-41E0-992A-1D6631921AB5}
	EndGlobalSection
EndGlobal
